
Microsoft Visual Studio Solution File, Format Version 12.00
# Visual Studio 14
VisualStudioVersion = 14.0.24720.0
MinimumVisualStudioVersion = 10.0.40219.1
Project("{FAE04EC0-301F-11D3-BF4B-00C04F79EFBC}") = "App.Aplicacao", "..\App.Aplicacao\App.Aplicacao.csproj", "{440E1142-F1FC-4AEB-B666-C915091F422A}"
EndProject
Project("{FAE04EC0-301F-11D3-BF4B-00C04F79EFBC}") = "App.Aplicacao.Comuns", "..\App.Aplicacao.Comuns\App.Aplicacao.Comuns.csproj", "{CA4B4959-F05F-4F18-9DA5-951CF5301507}"
EndProject
Project("{FAE04EC0-301F-11D3-BF4B-00C04F79EFBC}") = "App.Aplicacao.DTO", "..\App.Aplicacao.DTO\App.Aplicacao.DTO.csproj", "{CF1908B8-CFAC-48E6-8BCF-08DB7A2D25C4}"
EndProject
Project("{FAE04EC0-301F-11D3-BF4B-00C04F79EFBC}") = "App.Aplicacao.Interfaces", "..\App.Aplicacao.Interfaces\App.Aplicacao.Interfaces.csproj", "{C2F2BAFD-DC48-4760-A430-F2AB525B1638}"
EndProject
Project("{FAE04EC0-301F-11D3-BF4B-00C04F79EFBC}") = "App.Aplicacao.Test", "..\App.Aplicacao.Test\App.Aplicacao.Test.csproj", "{2B5D25B6-FFE9-47F2-9824-F79ED9B33774}"
EndProject
Project("{FAE04EC0-301F-11D3-BF4B-00C04F79EFBC}") = "App.Apresentacao", "..\App.Apresentacao\App.Apresentacao.csproj", "{D132697A-F99E-4EA7-88AE-6F8E0A1556C5}"
EndProject
Project("{FAE04EC0-301F-11D3-BF4B-00C04F79EFBC}") = "App.Dominio", "..\App.Dominio\App.Dominio.csproj", "{D8929C94-BA75-44B1-A79F-C37FCFF2A453}"
EndProject
Project("{FAE04EC0-301F-11D3-BF4B-00C04F79EFBC}") = "App.Infra.DataContext", "..\App.Infra.DataContext\App.Infra.DataContext.csproj", "{A62208E0-B3B0-4DA0-86AE-43FFC9BC1A59}"
EndProject
Project("{FAE04EC0-301F-11D3-BF4B-00C04F79EFBC}") = "App.Infra.Excecoes", "..\App.Infra.Excecoes\App.Infra.Excecoes.csproj", "{92C50049-1C8C-4759-BD13-21A5625D49B7}"
EndProject
Project("{FAE04EC0-301F-11D3-BF4B-00C04F79EFBC}") = "App.Infra.Repositorio", "..\App.Infra.Repositorio\App.Infra.Repositorio.csproj", "{24E8AACE-BCCE-4763-AEDD-3733B82ACCC9}"
EndProject
Project("{2150E333-8FDC-42A3-9474-1A3956D46DE8}") = "A - View", "A - View", "{191BF586-5626-49EC-B0B4-9685732F2A18}"
EndProject
Project("{2150E333-8FDC-42A3-9474-1A3956D46DE8}") = "B - Aplication", "B - Aplication", "{6A520F90-FF2C-4E5B-A747-288918CEE6FA}"
EndProject
Project("{2150E333-8FDC-42A3-9474-1A3956D46DE8}") = "C - Infra", "C - Infra", "{D581DA12-DCD3-40D6-AB27-6A3BF42A0909}"
EndProject
Project("{2150E333-8FDC-42A3-9474-1A3956D46DE8}") = "D - Tests", "D - Tests", "{E70C4DED-8B83-4C85-B884-3D9D4A2B6798}"
EndProject
Project("{2150E333-8FDC-42A3-9474-1A3956D46DE8}") = "E - Domain", "E - Domain", "{3B4B6CCA-D3C8-46E6-9239-2184991AF8D4}"
EndProject
Project("{FAE04EC0-301F-11D3-BF4B-00C04F79EFBC}") = "App.Comuns", "App.Comuns\App.Comuns.csproj", "{00C75DDB-F4F2-4997-83AC-9F97D81A929D}"
EndProject
Project("{2150E333-8FDC-42A3-9474-1A3956D46DE8}") = "F - Comuns", "F - Comuns", "{6C92FEB2-5988-44C2-845F-F086EDB000AA}"
EndProject
Global
	GlobalSection(SolutionConfigurationPlatforms) = preSolution
		Debug|Any CPU = Debug|Any CPU
		Release|Any CPU = Release|Any CPU
	EndGlobalSection
	GlobalSection(ProjectConfigurationPlatforms) = postSolution
		{440E1142-F1FC-4AEB-B666-C915091F422A}.Debug|Any CPU.ActiveCfg = Debug|Any CPU
		{440E1142-F1FC-4AEB-B666-C915091F422A}.Debug|Any CPU.Build.0 = Debug|Any CPU
		{440E1142-F1FC-4AEB-B666-C915091F422A}.Release|Any CPU.ActiveCfg = Release|Any CPU
		{440E1142-F1FC-4AEB-B666-C915091F422A}.Release|Any CPU.Build.0 = Release|Any CPU
		{CA4B4959-F05F-4F18-9DA5-951CF5301507}.Debug|Any CPU.ActiveCfg = Debug|Any CPU
		{CA4B4959-F05F-4F18-9DA5-951CF5301507}.Debug|Any CPU.Build.0 = Debug|Any CPU
		{CA4B4959-F05F-4F18-9DA5-951CF5301507}.Release|Any CPU.ActiveCfg = Release|Any CPU
		{CA4B4959-F05F-4F18-9DA5-951CF5301507}.Release|Any CPU.Build.0 = Release|Any CPU
		{CF1908B8-CFAC-48E6-8BCF-08DB7A2D25C4}.Debug|Any CPU.ActiveCfg = Debug|Any CPU
		{CF1908B8-CFAC-48E6-8BCF-08DB7A2D25C4}.Debug|Any CPU.Build.0 = Debug|Any CPU
		{CF1908B8-CFAC-48E6-8BCF-08DB7A2D25C4}.Release|Any CPU.ActiveCfg = Release|Any CPU
		{CF1908B8-CFAC-48E6-8BCF-08DB7A2D25C4}.Release|Any CPU.Build.0 = Release|Any CPU
		{C2F2BAFD-DC48-4760-A430-F2AB525B1638}.Debug|Any CPU.ActiveCfg = Debug|Any CPU
		{C2F2BAFD-DC48-4760-A430-F2AB525B1638}.Debug|Any CPU.Build.0 = Debug|Any CPU
		{C2F2BAFD-DC48-4760-A430-F2AB525B1638}.Release|Any CPU.ActiveCfg = Release|Any CPU
		{C2F2BAFD-DC48-4760-A430-F2AB525B1638}.Release|Any CPU.Build.0 = Release|Any CPU
		{2B5D25B6-FFE9-47F2-9824-F79ED9B33774}.Debug|Any CPU.ActiveCfg = Debug|Any CPU
		{2B5D25B6-FFE9-47F2-9824-F79ED9B33774}.Debug|Any CPU.Build.0 = Debug|Any CPU
		{2B5D25B6-FFE9-47F2-9824-F79ED9B33774}.Release|Any CPU.ActiveCfg = Release|Any CPU
		{2B5D25B6-FFE9-47F2-9824-F79ED9B33774}.Release|Any CPU.Build.0 = Release|Any CPU
		{D132697A-F99E-4EA7-88AE-6F8E0A1556C5}.Debug|Any CPU.ActiveCfg = Debug|Any CPU
		{D132697A-F99E-4EA7-88AE-6F8E0A1556C5}.Debug|Any CPU.Build.0 = Debug|Any CPU
		{D132697A-F99E-4EA7-88AE-6F8E0A1556C5}.Release|Any CPU.ActiveCfg = Release|Any CPU
		{D132697A-F99E-4EA7-88AE-6F8E0A1556C5}.Release|Any CPU.Build.0 = Release|Any CPU
		{D8929C94-BA75-44B1-A79F-C37FCFF2A453}.Debug|Any CPU.ActiveCfg = Debug|Any CPU
		{D8929C94-BA75-44B1-A79F-C37FCFF2A453}.Debug|Any CPU.Build.0 = Debug|Any CPU
		{D8929C94-BA75-44B1-A79F-C37FCFF2A453}.Release|Any CPU.ActiveCfg = Release|Any CPU
		{D8929C94-BA75-44B1-A79F-C37FCFF2A453}.Release|Any CPU.Build.0 = Release|Any CPU
		{A62208E0-B3B0-4DA0-86AE-43FFC9BC1A59}.Debug|Any CPU.ActiveCfg = Debug|Any CPU
		{A62208E0-B3B0-4DA0-86AE-43FFC9BC1A59}.Debug|Any CPU.Build.0 = Debug|Any CPU
		{A62208E0-B3B0-4DA0-86AE-43FFC9BC1A59}.Release|Any CPU.ActiveCfg = Release|Any CPU
		{A62208E0-B3B0-4DA0-86AE-43FFC9BC1A59}.Release|Any CPU.Build.0 = Release|Any CPU
		{92C50049-1C8C-4759-BD13-21A5625D49B7}.Debug|Any CPU.ActiveCfg = Debug|Any CPU
		{92C50049-1C8C-4759-BD13-21A5625D49B7}.Debug|Any CPU.Build.0 = Debug|Any CPU
		{92C50049-1C8C-4759-BD13-21A5625D49B7}.Release|Any CPU.ActiveCfg = Release|Any CPU
		{92C50049-1C8C-4759-BD13-21A5625D49B7}.Release|Any CPU.Build.0 = Release|Any CPU
		{24E8AACE-BCCE-4763-AEDD-3733B82ACCC9}.Debug|Any CPU.ActiveCfg = Debug|Any CPU
		{24E8AACE-BCCE-4763-AEDD-3733B82ACCC9}.Debug|Any CPU.Build.0 = Debug|Any CPU
		{24E8AACE-BCCE-4763-AEDD-3733B82ACCC9}.Release|Any CPU.ActiveCfg = Release|Any CPU
		{24E8AACE-BCCE-4763-AEDD-3733B82ACCC9}.Release|Any CPU.Build.0 = Release|Any CPU
		{00C75DDB-F4F2-4997-83AC-9F97D81A929D}.Debug|Any CPU.ActiveCfg = Debug|Any CPU
		{00C75DDB-F4F2-4997-83AC-9F97D81A929D}.Debug|Any CPU.Build.0 = Debug|Any CPU
		{00C75DDB-F4F2-4997-83AC-9F97D81A929D}.Release|Any CPU.ActiveCfg = Release|Any CPU
		{00C75DDB-F4F2-4997-83AC-9F97D81A929D}.Release|Any CPU.Build.0 = Release|Any CPU
	EndGlobalSection
	GlobalSection(SolutionProperties) = preSolution
		HideSolutionNode = FALSE
	EndGlobalSection
	GlobalSection(NestedProjects) = preSolution
		{440E1142-F1FC-4AEB-B666-C915091F422A} = {6A520F90-FF2C-4E5B-A747-288918CEE6FA}
		{CA4B4959-F05F-4F18-9DA5-951CF5301507} = {6A520F90-FF2C-4E5B-A747-288918CEE6FA}
		{CF1908B8-CFAC-48E6-8BCF-08DB7A2D25C4} = {6A520F90-FF2C-4E5B-A747-288918CEE6FA}
		{C2F2BAFD-DC48-4760-A430-F2AB525B1638} = {6A520F90-FF2C-4E5B-A747-288918CEE6FA}
		{2B5D25B6-FFE9-47F2-9824-F79ED9B33774} = {E70C4DED-8B83-4C85-B884-3D9D4A2B6798}
		{D132697A-F99E-4EA7-88AE-6F8E0A1556C5} = {191BF586-5626-49EC-B0B4-9685732F2A18}
		{D8929C94-BA75-44B1-A79F-C37FCFF2A453} = {3B4B6CCA-D3C8-46E6-9239-2184991AF8D4}
		{A62208E0-B3B0-4DA0-86AE-43FFC9BC1A59} = {D581DA12-DCD3-40D6-AB27-6A3BF42A0909}
		{92C50049-1C8C-4759-BD13-21A5625D49B7} = {D581DA12-DCD3-40D6-AB27-6A3BF42A0909}
		{24E8AACE-BCCE-4763-AEDD-3733B82ACCC9} = {D581DA12-DCD3-40D6-AB27-6A3BF42A0909}
		{00C75DDB-F4F2-4997-83AC-9F97D81A929D} = {6C92FEB2-5988-44C2-845F-F086EDB000AA}
	EndGlobalSection
EndGlobal
